
Microsoft Visual Studio Solution File, Format Version 12.00
# Visual Studio Version 17
VisualStudioVersion = 17.5.33502.453
MinimumVisualStudioVersion = 10.0.40219.1
Project("{9A19103F-16F7-4668-BE54-9A1E7A4F7556}") = "LibraryCase", "LibraryCase\LibraryCase.csproj", "{3C8E56D7-EE8D-4ED9-9F08-3B71C7214AB4}"
EndProject
Project("{9A19103F-16F7-4668-BE54-9A1E7A4F7556}") = "LibraryCase.Application", "LibraryCase.Application\LibraryCase.Application.csproj", "{52436714-6ED4-451C-9BA8-23D64AF378CA}"
EndProject
Project("{9A19103F-16F7-4668-BE54-9A1E7A4F7556}") = "LibraryCase.Application.Contracts", "LibraryCase.Application.Contracts\LibraryCase.Application.Contracts.csproj", "{E3456B68-01FA-496B-B60D-09CF1AC7A07C}"
EndProject
Project("{9A19103F-16F7-4668-BE54-9A1E7A4F7556}") = "LibraryCase.Domain", "LibraryCase.Domain\LibraryCase.Domain.csproj", "{C4E99C33-A0BA-4EB9-A7C3-4D36B1630F69}"
EndProject
Project("{9A19103F-16F7-4668-BE54-9A1E7A4F7556}") = "LibraryCase.EntityFrameworkCore", "LibraryCase.Entities\LibraryCase.EntityFrameworkCore.csproj", "{5B0A4742-7A7A-44A4-A113-47C0B65A7613}"
EndProject
Global
	GlobalSection(SolutionConfigurationPlatforms) = preSolution
		Debug|Any CPU = Debug|Any CPU
		Release|Any CPU = Release|Any CPU
	EndGlobalSection
	GlobalSection(ProjectConfigurationPlatforms) = postSolution
		{3C8E56D7-EE8D-4ED9-9F08-3B71C7214AB4}.Debug|Any CPU.ActiveCfg = Debug|Any CPU
		{3C8E56D7-EE8D-4ED9-9F08-3B71C7214AB4}.Debug|Any CPU.Build.0 = Debug|Any CPU
		{3C8E56D7-EE8D-4ED9-9F08-3B71C7214AB4}.Release|Any CPU.ActiveCfg = Release|Any CPU
		{3C8E56D7-EE8D-4ED9-9F08-3B71C7214AB4}.Release|Any CPU.Build.0 = Release|Any CPU
		{52436714-6ED4-451C-9BA8-23D64AF378CA}.Debug|Any CPU.ActiveCfg = Debug|Any CPU
		{52436714-6ED4-451C-9BA8-23D64AF378CA}.Debug|Any CPU.Build.0 = Debug|Any CPU
		{52436714-6ED4-451C-9BA8-23D64AF378CA}.Release|Any CPU.ActiveCfg = Release|Any CPU
		{52436714-6ED4-451C-9BA8-23D64AF378CA}.Release|Any CPU.Build.0 = Release|Any CPU
		{E3456B68-01FA-496B-B60D-09CF1AC7A07C}.Debug|Any CPU.ActiveCfg = Debug|Any CPU
		{E3456B68-01FA-496B-B60D-09CF1AC7A07C}.Debug|Any CPU.Build.0 = Debug|Any CPU
		{E3456B68-01FA-496B-B60D-09CF1AC7A07C}.Release|Any CPU.ActiveCfg = Release|Any CPU
		{E3456B68-01FA-496B-B60D-09CF1AC7A07C}.Release|Any CPU.Build.0 = Release|Any CPU
		{C4E99C33-A0BA-4EB9-A7C3-4D36B1630F69}.Debug|Any CPU.ActiveCfg = Debug|Any CPU
		{C4E99C33-A0BA-4EB9-A7C3-4D36B1630F69}.Debug|Any CPU.Build.0 = Debug|Any CPU
		{C4E99C33-A0BA-4EB9-A7C3-4D36B1630F69}.Release|Any CPU.ActiveCfg = Release|Any CPU
		{C4E99C33-A0BA-4EB9-A7C3-4D36B1630F69}.Release|Any CPU.Build.0 = Release|Any CPU
		{5B0A4742-7A7A-44A4-A113-47C0B65A7613}.Debug|Any CPU.ActiveCfg = Debug|Any CPU
		{5B0A4742-7A7A-44A4-A113-47C0B65A7613}.Debug|Any CPU.Build.0 = Debug|Any CPU
		{5B0A4742-7A7A-44A4-A113-47C0B65A7613}.Release|Any CPU.ActiveCfg = Release|Any CPU
		{5B0A4742-7A7A-44A4-A113-47C0B65A7613}.Release|Any CPU.Build.0 = Release|Any CPU
	EndGlobalSection
	GlobalSection(SolutionProperties) = preSolution
		HideSolutionNode = FALSE
	EndGlobalSection
	GlobalSection(ExtensibilityGlobals) = postSolution
		SolutionGuid = {0D3F5752-FED4-40D8-9AA3-AAF15BC5C5CF}
	EndGlobalSection
EndGlobal
